
Microsoft Visual Studio Solution File, Format Version 12.00
# Visual Studio Version 17
VisualStudioVersion = 17.14.36301.6 d17.14
MinimumVisualStudioVersion = 10.0.40219.1
Project("{FAE04EC0-301F-11D3-BF4B-00C04F79EFBC}") = "Monogame 1.4 (Part 2) - Making it Snow", "Monogame 1.4 (Part 2) - Making it Snow\Monogame 1.4 (Part 2) - Making it Snow.csproj", "{B4803312-1C42-44F3-B5E7-265BEC0FD257}"
EndProject
Global
	GlobalSection(SolutionConfigurationPlatforms) = preSolution
		Debug|Any CPU = Debug|Any CPU
		Release|Any CPU = Release|Any CPU
	EndGlobalSection
	GlobalSection(ProjectConfigurationPlatforms) = postSolution
		{B4803312-1C42-44F3-B5E7-265BEC0FD257}.Debug|Any CPU.ActiveCfg = Debug|Any CPU
		{B4803312-1C42-44F3-B5E7-265BEC0FD257}.Debug|Any CPU.Build.0 = Debug|Any CPU
		{B4803312-1C42-44F3-B5E7-265BEC0FD257}.Release|Any CPU.ActiveCfg = Release|Any CPU
		{B4803312-1C42-44F3-B5E7-265BEC0FD257}.Release|Any CPU.Build.0 = Release|Any CPU
	EndGlobalSection
	GlobalSection(SolutionProperties) = preSolution
		HideSolutionNode = FALSE
	EndGlobalSection
	GlobalSection(ExtensibilityGlobals) = postSolution
		SolutionGuid = {C3BDAC5C-F2A6-4003-BEA0-C10DAE1BF0ED}
	EndGlobalSection
EndGlobal
